// !$*UTF8*$!
{
	archiveVersion = 1;
	classes = {
	};
	objectVersion = 46;
	objects = {

/* Begin PBXBuildFile section */
		3A12F1591D404BF600A72E4E /* AppDelegate.swift in Sources */ = {isa = PBXBuildFile; fileRef = 3A12F1581D404BF600A72E4E /* AppDelegate.swift */; };
		3A12F15B1D404BF600A72E4E /* RecordSoundsViewController.swift in Sources */ = {isa = PBXBuildFile; fileRef = 3A12F15A1D404BF600A72E4E /* RecordSoundsViewController.swift */; };
		3A12F15E1D404BF600A72E4E /* Main.storyboard in Resources */ = {isa = PBXBuildFile; fileRef = 3A12F15C1D404BF600A72E4E /* Main.storyboard */; };
		3A12F1601D404BF600A72E4E /* Assets.xcassets in Resources */ = {isa = PBXBuildFile; fileRef = 3A12F15F1D404BF600A72E4E /* Assets.xcassets */; };
		3A12F1631D404BF600A72E4E /* LaunchScreen.storyboard in Resources */ = {isa = PBXBuildFile; fileRef = 3A12F1611D404BF600A72E4E /* LaunchScreen.storyboard */; };
		3A12F16E1D404BF600A72E4E /* PitchPerfectTests.swift in Sources */ = {isa = PBXBuildFile; fileRef = 3A12F16D1D404BF600A72E4E /* PitchPerfectTests.swift */; };
		3A12F1791D404BF600A72E4E /* PitchPerfectUITests.swift in Sources */ = {isa = PBXBuildFile; fileRef = 3A12F1781D404BF600A72E4E /* PitchPerfectUITests.swift */; };
		3ABE37C71D4301E900A5B400 /* PlaySoundsViewController.swift in Sources */ = {isa = PBXBuildFile; fileRef = 3ABE37C61D4301E900A5B400 /* PlaySoundsViewController.swift */; };
		3ABE37CB1D4314A200A5B400 /* PlaySoundsViewController+Audio.swift in Sources */ = {isa = PBXBuildFile; fileRef = 3ABE37CA1D4314A200A5B400 /* PlaySoundsViewController+Audio.swift */; };
/* End PBXBuildFile section */

/* Begin PBXContainerItemProxy section */
		3A12F16A1D404BF600A72E4E /* PBXContainerItemProxy */ = {
			isa = PBXContainerItemProxy;
			containerPortal = 3A12F14D1D404BF500A72E4E /* Project object */;
			proxyType = 1;
			remoteGlobalIDString = 3A12F1541D404BF500A72E4E;
			remoteInfo = PitchPerfect;
		};
		3A12F1751D404BF600A72E4E /* PBXContainerItemProxy */ = {
			isa = PBXContainerItemProxy;
			containerPortal = 3A12F14D1D404BF500A72E4E /* Project object */;
			proxyType = 1;
			remoteGlobalIDString = 3A12F1541D404BF500A72E4E;
			remoteInfo = PitchPerfect;
		};
/* End PBXContainerItemProxy section */

/* Begin PBXFileReference section */
		3A12F1551D404BF500A72E4E /* PitchPerfect.app */ = {isa = PBXFileReference; explicitFileType = wrapper.application; includeInIndex = 0; path = PitchPerfect.app; sourceTree = BUILT_PRODUCTS_DIR; };
		3A12F1581D404BF600A72E4E /* AppDelegate.swift */ = {isa = PBXFileReference; lastKnownFileType = sourcecode.swift; path = AppDelegate.swift; sourceTree = "<group>"; };
		3A12F15A1D404BF600A72E4E /* RecordSoundsViewController.swift */ = {isa = PBXFileReference; lastKnownFileType = sourcecode.swift; path = RecordSoundsViewController.swift; sourceTree = "<group>"; };
		3A12F15D1D404BF600A72E4E /* Base */ = {isa = PBXFileReference; lastKnownFileType = file.storyboard; name = Base; path = Base.lproj/Main.storyboard; sourceTree = "<group>"; };
		3A12F15F1D404BF600A72E4E /* Assets.xcassets */ = {isa = PBXFileReference; lastKnownFileType = folder.assetcatalog; path = Assets.xcassets; sourceTree = "<group>"; };
		3A12F1621D404BF600A72E4E /* Base */ = {isa = PBXFileReference; lastKnownFileType = file.storyboard; name = Base; path = Base.lproj/LaunchScreen.storyboard; sourceTree = "<group>"; };
		3A12F1641D404BF600A72E4E /* Info.plist */ = {isa = PBXFileReference; lastKnownFileType = text.plist.xml; path = Info.plist; sourceTree = "<group>"; };
		3A12F1691D404BF600A72E4E /* PitchPerfectTests.xctest */ = {isa = PBXFileReference; explicitFileType = wrapper.cfbundle; includeInIndex = 0; path = PitchPerfectTests.xctest; sourceTree = BUILT_PRODUCTS_DIR; };
		3A12F16D1D404BF600A72E4E /* PitchPerfectTests.swift */ = {isa = PBXFileReference; lastKnownFileType = sourcecode.swift; path = PitchPerfectTests.swift; sourceTree = "<group>"; };
		3A12F16F1D404BF600A72E4E /* Info.plist */ = {isa = PBXFileReference; lastKnownFileType = text.plist.xml; path = Info.plist; sourceTree = "<group>"; };
		3A12F1741D404BF600A72E4E /* PitchPerfectUITests.xctest */ = {isa = PBXFileReference; explicitFileType = wrapper.cfbundle; includeInIndex = 0; path = PitchPerfectUITests.xctest; sourceTree = BUILT_PRODUCTS_DIR; };
		3A12F1781D404BF600A72E4E /* PitchPerfectUITests.swift */ = {isa = PBXFileReference; lastKnownFileType = sourcecode.swift; path = PitchPerfectUITests.swift; sourceTree = "<group>"; };
		3A12F17A1D404BF600A72E4E /* Info.plist */ = {isa = PBXFileReference; lastKnownFileType = text.plist.xml; path = Info.plist; sourceTree = "<group>"; };
		3ABE37C61D4301E900A5B400 /* PlaySoundsViewController.swift */ = {isa = PBXFileReference; fileEncoding = 4; lastKnownFileType = sourcecode.swift; path = PlaySoundsViewController.swift; sourceTree = "<group>"; };
		3ABE37CA1D4314A200A5B400 /* PlaySoundsViewController+Audio.swift */ = {isa = PBXFileReference; fileEncoding = 4; lastKnownFileType = sourcecode.swift; path = "PlaySoundsViewController+Audio.swift"; sourceTree = "<group>"; };
/* End PBXFileReference section */

/* Begin PBXFrameworksBuildPhase section */
		3A12F1521D404BF500A72E4E /* Frameworks */ = {
			isa = PBXFrameworksBuildPhase;
			buildActionMask = 2147483647;
			files = (
			);
			runOnlyForDeploymentPostprocessing = 0;
		};
		3A12F1661D404BF600A72E4E /* Frameworks */ = {
			isa = PBXFrameworksBuildPhase;
			buildActionMask = 2147483647;
			files = (
			);
			runOnlyForDeploymentPostprocessing = 0;
		};
		3A12F1711D404BF600A72E4E /* Frameworks */ = {
			isa = PBXFrameworksBuildPhase;
			buildActionMask = 2147483647;
			files = (
			);
			runOnlyForDeploymentPostprocessing = 0;
		};
/* End PBXFrameworksBuildPhase section */

/* Begin PBXGroup section */
		3A12F14C1D404BF500A72E4E = {
			isa = PBXGroup;
			children = (
				3A12F1571D404BF500A72E4E /* PitchPerfect */,
				3A12F16C1D404BF600A72E4E /* PitchPerfectTests */,
				3A12F1771D404BF600A72E4E /* PitchPerfectUITests */,
				3A12F1561D404BF500A72E4E /* Products */,
			);
			sourceTree = "<group>";
		};
		3A12F1561D404BF500A72E4E /* Products */ = {
			isa = PBXGroup;
			children = (
				3A12F1551D404BF500A72E4E /* PitchPerfect.app */,
				3A12F1691D404BF600A72E4E /* PitchPerfectTests.xctest */,
				3A12F1741D404BF600A72E4E /* PitchPerfectUITests.xctest */,
			);
			name = Products;
			sourceTree = "<group>";
		};
		3A12F1571D404BF500A72E4E /* PitchPerfect */ = {
			isa = PBXGroup;
			children = (
				3A12F1581D404BF600A72E4E /* AppDelegate.swift */,
				3A12F15A1D404BF600A72E4E /* RecordSoundsViewController.swift */,
				3A12F15C1D404BF600A72E4E /* Main.storyboard */,
				3ABE37C61D4301E900A5B400 /* PlaySoundsViewController.swift */,
				3ABE37CA1D4314A200A5B400 /* PlaySoundsViewController+Audio.swift */,
				3A12F15F1D404BF600A72E4E /* Assets.xcassets */,
				3A12F1611D404BF600A72E4E /* LaunchScreen.storyboard */,
				3A12F1641D404BF600A72E4E /* Info.plist */,
			);
			path = PitchPerfect;
			sourceTree = "<group>";
		};
		3A12F16C1D404BF600A72E4E /* PitchPerfectTests */ = {
			isa = PBXGroup;
			children = (
				3A12F16D1D404BF600A72E4E /* PitchPerfectTests.swift */,
				3A12F16F1D404BF600A72E4E /* Info.plist */,
			);
			path = PitchPerfectTests;
			sourceTree = "<group>";
		};
		3A12F1771D404BF600A72E4E /* PitchPerfectUITests */ = {
			isa = PBXGroup;
			children = (
				3A12F1781D404BF600A72E4E /* PitchPerfectUITests.swift */,
				3A12F17A1D404BF600A72E4E /* Info.plist */,
			);
			path = PitchPerfectUITests;
			sourceTree = "<group>";
		};
/* End PBXGroup section */

/* Begin PBXNativeTarget section */
		3A12F1541D404BF500A72E4E /* PitchPerfect */ = {
			isa = PBXNativeTarget;
			buildConfigurationList = 3A12F17D1D404BF600A72E4E /* Build configuration list for PBXNativeTarget "PitchPerfect" */;
			buildPhases = (
				3A12F1511D404BF500A72E4E /* Sources */,
				3A12F1521D404BF500A72E4E /* Frameworks */,
				3A12F1531D404BF500A72E4E /* Resources */,
			);
			buildRules = (
			);
			dependencies = (
			);
			name = PitchPerfect;
			productName = PitchPerfect;
			productReference = 3A12F1551D404BF500A72E4E /* PitchPerfect.app */;
			productType = "com.apple.product-type.application";
		};
		3A12F1681D404BF600A72E4E /* PitchPerfectTests */ = {
			isa = PBXNativeTarget;
			buildConfigurationList = 3A12F1801D404BF600A72E4E /* Build configuration list for PBXNativeTarget "PitchPerfectTests" */;
			buildPhases = (
				3A12F1651D404BF600A72E4E /* Sources */,
				3A12F1661D404BF600A72E4E /* Frameworks */,
				3A12F1671D404BF600A72E4E /* Resources */,
			);
			buildRules = (
			);
			dependencies = (
				3A12F16B1D404BF600A72E4E /* PBXTargetDependency */,
			);
			name = PitchPerfectTests;
			productName = PitchPerfectTests;
			productReference = 3A12F1691D404BF600A72E4E /* PitchPerfectTests.xctest */;
			productType = "com.apple.product-type.bundle.unit-test";
		};
		3A12F1731D404BF600A72E4E /* PitchPerfectUITests */ = {
			isa = PBXNativeTarget;
			buildConfigurationList = 3A12F1831D404BF600A72E4E /* Build configuration list for PBXNativeTarget "PitchPerfectUITests" */;
			buildPhases = (
				3A12F1701D404BF600A72E4E /* Sources */,
				3A12F1711D404BF600A72E4E /* Frameworks */,
				3A12F1721D404BF600A72E4E /* Resources */,
			);
			buildRules = (
			);
			dependencies = (
				3A12F1761D404BF600A72E4E /* PBXTargetDependency */,
			);
			name = PitchPerfectUITests;
			productName = PitchPerfectUITests;
			productReference = 3A12F1741D404BF600A72E4E /* PitchPerfectUITests.xctest */;
			productType = "com.apple.product-type.bundle.ui-testing";
		};
/* End PBXNativeTarget section */

/* Begin PBXProject section */
		3A12F14D1D404BF500A72E4E /* Project object */ = {
			isa = PBXProject;
			attributes = {
				LastSwiftUpdateCheck = 0730;
				LastUpgradeCheck = 0730;
				ORGANIZATIONNAME = "Urban Forrest";
				TargetAttributes = {
					3A12F1541D404BF500A72E4E = {
						CreatedOnToolsVersion = 7.3.1;
					};
					3A12F1681D404BF600A72E4E = {
						CreatedOnToolsVersion = 7.3.1;
						TestTargetID = 3A12F1541D404BF500A72E4E;
					};
					3A12F1731D404BF600A72E4E = {
						CreatedOnToolsVersion = 7.3.1;
						TestTargetID = 3A12F1541D404BF500A72E4E;
					};
				};
			};
			buildConfigurationList = 3A12F1501D404BF500A72E4E /* Build configuration list for PBXProject "PitchPerfect" */;
			compatibilityVersion = "Xcode 3.2";
			developmentRegion = English;
			hasScannedForEncodings = 0;
			knownRegions = (
				en,
				Base,
			);
			mainGroup = 3A12F14C1D404BF500A72E4E;
			productRefGroup = 3A12F1561D404BF500A72E4E /* Products */;
			projectDirPath = "";
			projectRoot = "";
			targets = (
				3A12F1541D404BF500A72E4E /* PitchPerfect */,
				3A12F1681D404BF600A72E4E /* PitchPerfectTests */,
				3A12F1731D404BF600A72E4E /* PitchPerfectUITests */,
			);
		};
/* End PBXProject section */

/* Begin PBXResourcesBuildPhase section */
		3A12F1531D404BF500A72E4E /* Resources */ = {
			isa = PBXResourcesBuildPhase;
			buildActionMask = 2147483647;
			files = (
				3A12F1631D404BF600A72E4E /* LaunchScreen.storyboard in Resources */,
				3A12F1601D404BF600A72E4E /* Assets.xcassets in Resources */,
				3A12F15E1D404BF600A72E4E /* Main.storyboard in Resources */,
			);
			runOnlyForDeploymentPostprocessing = 0;
		};
		3A12F1671D404BF600A72E4E /* Resources */ = {
			isa = PBXResourcesBuildPhase;
			buildActionMask = 2147483647;
			files = (
			);
			runOnlyForDeploymentPostprocessing = 0;
		};
		3A12F1721D404BF600A72E4E /* Resources */ = {
			isa = PBXResourcesBuildPhase;
			buildActionMask = 2147483647;
			files = (
			);
			runOnlyForDeploymentPostprocessing = 0;
		};
/* End PBXResourcesBuildPhase section */

/* Begin PBXSourcesBuildPhase section */
		3A12F1511D404BF500A72E4E /* Sources */ = {
			isa = PBXSourcesBuildPhase;
			buildActionMask = 2147483647;
			files = (
				3A12F15B1D404BF600A72E4E /* RecordSoundsViewController.swift in Sources */,
				3ABE37CB1D4314A200A5B400 /* PlaySoundsViewController+Audio.swift in Sources */,
				3ABE37C71D4301E900A5B400 /* PlaySoundsViewController.swift in Sources */,
				3A12F1591D404BF600A72E4E /* AppDelegate.swift in Sources */,
			);
			runOnlyForDeploymentPostprocessing = 0;
		};
		3A12F1651D404BF600A72E4E /* Sources */ = {
			isa = PBXSourcesBuildPhase;
			buildActionMask = 2147483647;
			files = (
				3A12F16E1D404BF600A72E4E /* PitchPerfectTests.swift in Sources */,
			);
			runOnlyForDeploymentPostprocessing = 0;
		};
		3A12F1701D404BF600A72E4E /* Sources */ = {
			isa = PBXSourcesBuildPhase;
			buildActionMask = 2147483647;
			files = (
				3A12F1791D404BF600A72E4E /* PitchPerfectUITests.swift in Sources */,
			);
			runOnlyForDeploymentPostprocessing = 0;
		};
/* End PBXSourcesBuildPhase section */

/* Begin PBXTargetDependency section */
		3A12F16B1D404BF600A72E4E /* PBXTargetDependency */ = {
			isa = PBXTargetDependency;
			target = 3A12F1541D404BF500A72E4E /* PitchPerfect */;
			targetProxy = 3A12F16A1D404BF600A72E4E /* PBXContainerItemProxy */;
		};
		3A12F1761D404BF600A72E4E /* PBXTargetDependency */ = {
			isa = PBXTargetDependency;
			target = 3A12F1541D404BF500A72E4E /* PitchPerfect */;
			targetProxy = 3A12F1751D404BF600A72E4E /* PBXContainerItemProxy */;
		};
/* End PBXTargetDependency section */

/* Begin PBXVariantGroup section */
		3A12F15C1D404BF600A72E4E /* Main.storyboard */ = {
			isa = PBXVariantGroup;
			children = (
				3A12F15D1D404BF600A72E4E /* Base */,
			);
			name = Main.storyboard;
			sourceTree = "<group>";
		};
		3A12F1611D404BF600A72E4E /* LaunchScreen.storyboard */ = {
			isa = PBXVariantGroup;
			children = (
				3A12F1621D404BF600A72E4E /* Base */,
			);
			name = LaunchScreen.storyboard;
			sourceTree = "<group>";
		};
/* End PBXVariantGroup section */

/* Begin XCBuildConfiguration section */
		3A12F17B1D404BF600A72E4E /* Debug */ = {
			isa = XCBuildConfiguration;
			buildSettings = {
				ALWAYS_SEARCH_USER_PATHS = NO;
				CLANG_ANALYZER_NONNULL = YES;
				CLANG_CXX_LANGUAGE_STANDARD = "gnu++0x";
				CLANG_CXX_LIBRARY = "libc++";
				CLANG_ENABLE_MODULES = YES;
				CLANG_ENABLE_OBJC_ARC = YES;
				CLANG_WARN_BOOL_CONVERSION = YES;
				CLANG_WARN_CONSTANT_CONVERSION = YES;
				CLANG_WARN_DIRECT_OBJC_ISA_USAGE = YES_ERROR;
				CLANG_WARN_EMPTY_BODY = YES;
				CLANG_WARN_ENUM_CONVERSION = YES;
				CLANG_WARN_INT_CONVERSION = YES;
				CLANG_WARN_OBJC_ROOT_CLASS = YES_ERROR;
				CLANG_WARN_UNREACHABLE_CODE = YES;
				CLANG_WARN__DUPLICATE_METHOD_MATCH = YES;
				"CODE_SIGN_IDENTITY[sdk=iphoneos*]" = "iPhone Developer";
				COPY_PHASE_STRIP = NO;
				DEBUG_INFORMATION_FORMAT = dwarf;
				ENABLE_STRICT_OBJC_MSGSEND = YES;
				ENABLE_TESTABILITY = YES;
				GCC_C_LANGUAGE_STANDARD = gnu99;
				GCC_DYNAMIC_NO_PIC = NO;
				GCC_NO_COMMON_BLOCKS = YES;
				GCC_OPTIMIZATION_LEVEL = 0;
				GCC_PREPROCESSOR_DEFINITIONS = (
					"DEBUG=1",
					"$(inherited)",
				);
				GCC_WARN_64_TO_32_BIT_CONVERSION = YES;
				GCC_WARN_ABOUT_RETURN_TYPE = YES_ERROR;
				GCC_WARN_UNDECLARED_SELECTOR = YES;
				GCC_WARN_UNINITIALIZED_AUTOS = YES_AGGRESSIVE;
				GCC_WARN_UNUSED_FUNCTION = YES;
				GCC_WARN_UNUSED_VARIABLE = YES;
				IPHONEOS_DEPLOYMENT_TARGET = 9.3;
				MTL_ENABLE_DEBUG_INFO = YES;
				ONLY_ACTIVE_ARCH = YES;
				SDKROOT = iphoneos;
				SWIFT_OPTIMIZATION_LEVEL = "-Onone";
				TARGETED_DEVICE_FAMILY = "1,2";
			};
			name = Debug;
		};
		3A12F17C1D404BF600A72E4E /* Release */ = {
			isa = XCBuildConfiguration;
			buildSettings = {
				ALWAYS_SEARCH_USER_PATHS = NO;
				CLANG_ANALYZER_NONNULL = YES;
				CLANG_CXX_LANGUAGE_STANDARD = "gnu++0x";
				CLANG_CXX_LIBRARY = "libc++";
				CLANG_ENABLE_MODULES = YES;
				CLANG_ENABLE_OBJC_ARC = YES;
				CLANG_WARN_BOOL_CONVERSION = YES;
				CLANG_WARN_CONSTANT_CONVERSION = YES;
				CLANG_WARN_DIRECT_OBJC_ISA_USAGE = YES_ERROR;
				CLANG_WARN_EMPTY_BODY = YES;
				CLANG_WARN_ENUM_CONVERSION = YES;
				CLANG_WARN_INT_CONVERSION = YES;
				CLANG_WARN_OBJC_ROOT_CLASS = YES_ERROR;
				CLANG_WARN_UNREACHABLE_CODE = YES;
				CLANG_WARN__DUPLICATE_METHOD_MATCH = YES;
				"CODE_SIGN_IDENTITY[sdk=iphoneos*]" = "iPhone Developer";
				COPY_PHASE_STRIP = NO;
				DEBUG_INFORMATION_FORMAT = "dwarf-with-dsym";
				ENABLE_NS_ASSERTIONS = NO;
				ENABLE_STRICT_OBJC_MSGSEND = YES;
				GCC_C_LANGUAGE_STANDARD = gnu99;
				GCC_NO_COMMON_BLOCKS = YES;
				GCC_WARN_64_TO_32_BIT_CONVERSION = YES;
				GCC_WARN_ABOUT_RETURN_TYPE = YES_ERROR;
				GCC_WARN_UNDECLARED_SELECTOR = YES;
				GCC_WARN_UNINITIALIZED_AUTOS = YES_AGGRESSIVE;
				GCC_WARN_UNUSED_FUNCTION = YES;
				GCC_WARN_UNUSED_VARIABLE = YES;
				IPHONEOS_DEPLOYMENT_TARGET = 9.3;
				MTL_ENABLE_DEBUG_INFO = NO;
				SDKROOT = iphoneos;
				TARGETED_DEVICE_FAMILY = "1,2";
				VALIDATE_PRODUCT = YES;
			};
			name = Release;
		};
		3A12F17E1D404BF600A72E4E /* Debug */ = {
			isa = XCBuildConfiguration;
			buildSettings = {
				ASSETCATALOG_COMPILER_APPICON_NAME = AppIcon;
				INFOPLIST_FILE = PitchPerfect/Info.plist;
				LD_RUNPATH_SEARCH_PATHS = "$(inherited) @executable_path/Frameworks";
				PRODUCT_BUNDLE_IDENTIFIER = uf.PitchPerfect;
				PRODUCT_NAME = "$(TARGET_NAME)";
			};
			name = Debug;
		};
		3A12F17F1D404BF600A72E4E /* Release */ = {
			isa = XCBuildConfiguration;
			buildSettings = {
				ASSETCATALOG_COMPILER_APPICON_NAME = AppIcon;
				INFOPLIST_FILE = PitchPerfect/Info.plist;
				LD_RUNPATH_SEARCH_PATHS = "$(inherited) @executable_path/Frameworks";
				PRODUCT_BUNDLE_IDENTIFIER = uf.PitchPerfect;
				PRODUCT_NAME = "$(TARGET_NAME)";
			};
			name = Release;
		};
		3A12F1811D404BF600A72E4E /* Debug */ = {
			isa = XCBuildConfiguration;
			buildSettings = {
				BUNDLE_LOADER = "$(TEST_HOST)";
				INFOPLIST_FILE = PitchPerfectTests/Info.plist;
				LD_RUNPATH_SEARCH_PATHS = "$(inherited) @executable_path/Frameworks @loader_path/Frameworks";
				PRODUCT_BUNDLE_IDENTIFIER = uf.PitchPerfectTests;
				PRODUCT_NAME = "$(TARGET_NAME)";
				TEST_HOST = "$(BUILT_PRODUCTS_DIR)/PitchPerfect.app/PitchPerfect";
			};
			name = Debug;
		};
		3A12F1821D404BF600A72E4E /* Release */ = {
			isa = XCBuildConfiguration;
			buildSettings = {
				BUNDLE_LOADER = "$(TEST_HOST)";
				INFOPLIST_FILE = PitchPerfectTests/Info.plist;
				LD_RUNPATH_SEARCH_PATHS = "$(inherited) @executable_path/Frameworks @loader_path/Frameworks";
				PRODUCT_BUNDLE_IDENTIFIER = uf.PitchPerfectTests;
				PRODUCT_NAME = "$(TARGET_NAME)";
				TEST_HOST = "$(BUILT_PRODUCTS_DIR)/PitchPerfect.app/PitchPerfect";
			};
			name = Release;
		};
		3A12F1841D404BF600A72E4E /* Debug */ = {
			isa = XCBuildConfiguration;
			buildSettings = {
				INFOPLIST_FILE = PitchPerfectUITests/Info.plist;
				LD_RUNPATH_SEARCH_PATHS = "$(inherited) @executable_path/Frameworks @loader_path/Frameworks";
				PRODUCT_BUNDLE_IDENTIFIER = uf.PitchPerfectUITests;
				PRODUCT_NAME = "$(TARGET_NAME)";
				TEST_TARGET_NAME = PitchPerfect;
			};
			name = Debug;
		};
		3A12F1851D404BF600A72E4E /* Release */ = {
			isa = XCBuildConfiguration;
			buildSettings = {
				INFOPLIST_FILE = PitchPerfectUITests/Info.plist;
				LD_RUNPATH_SEARCH_PATHS = "$(inherited) @executable_path/Frameworks @loader_path/Frameworks";
				PRODUCT_BUNDLE_IDENTIFIER = uf.PitchPerfectUITests;
				PRODUCT_NAME = "$(TARGET_NAME)";
				TEST_TARGET_NAME = PitchPerfect;
			};
			name = Release;
		};
/* End XCBuildConfiguration section */

/* Begin XCConfigurationList section */
		3A12F1501D404BF500A72E4E /* Build configuration list for PBXProject "PitchPerfect" */ = {
			isa = XCConfigurationList;
			buildConfigurations = (
				3A12F17B1D404BF600A72E4E /* Debug */,
				3A12F17C1D404BF600A72E4E /* Release */,
			);
			defaultConfigurationIsVisible = 0;
			defaultConfigurationName = Release;
		};
		3A12F17D1D404BF600A72E4E /* Build configuration list for PBXNativeTarget "PitchPerfect" */ = {
			isa = XCConfigurationList;
			buildConfigurations = (
				3A12F17E1D404BF600A72E4E /* Debug */,
				3A12F17F1D404BF600A72E4E /* Release */,
			);
			defaultConfigurationIsVisible = 0;
			defaultConfigurationName = Release;
		};
		3A12F1801D404BF600A72E4E /* Build configuration list for PBXNativeTarget "PitchPerfectTests" */ = {
			isa = XCConfigurationList;
			buildConfigurations = (
				3A12F1811D404BF600A72E4E /* Debug */,
				3A12F1821D404BF600A72E4E /* Release */,
			);
			defaultConfigurationIsVisible = 0;
			defaultConfigurationName = Release;
		};
		3A12F1831D404BF600A72E4E /* Build configuration list for PBXNativeTarget "PitchPerfectUITests" */ = {
			isa = XCConfigurationList;
			buildConfigurations = (
				3A12F1841D404BF600A72E4E /* Debug */,
				3A12F1851D404BF600A72E4E /* Release */,
			);
			defaultConfigurationIsVisible = 0;
			defaultConfigurationName = Release;
		};
/* End XCConfigurationList section */
	};
	rootObject = 3A12F14D1D404BF500A72E4E /* Project object */;
}
